// !$*UTF8*$!
{
	archiveVersion = 1;
	classes = {
	};
	objectVersion = 50;
	objects = {

/* Begin PBXBuildFile section */
		4F41E7AFB4E1D8907F812C47 /* Pods_Mars_Rovers_Photos.framework in Frameworks */ = {isa = PBXBuildFile; fileRef = 09BCDB6F3677D58DD0EA13B8 /* Pods_Mars_Rovers_Photos.framework */; };
		68A54D4B62EBC7901DCA1C8C /* Pods_Mars_Rovers_PhotosUITests.framework in Frameworks */ = {isa = PBXBuildFile; fileRef = 00AA604F43F31820705F3DB2 /* Pods_Mars_Rovers_PhotosUITests.framework */; };
		BB1D4CE82216E81600966A5A /* UITableViewCell+UICollectionViewCell+RegisterCell.swift in Sources */ = {isa = PBXBuildFile; fileRef = BB1D4CE72216E81600966A5A /* UITableViewCell+UICollectionViewCell+RegisterCell.swift */; };
		BB1D4D6222170C7D00966A5A /* PhotosListPresenter.swift in Sources */ = {isa = PBXBuildFile; fileRef = BB1D4D5B22170C7D00966A5A /* PhotosListPresenter.swift */; };
		BB1D4D6322170C7D00966A5A /* PhotosListWorker.swift in Sources */ = {isa = PBXBuildFile; fileRef = BB1D4D5C22170C7D00966A5A /* PhotosListWorker.swift */; };
		BB1D4D6422170C7D00966A5A /* PhotosListRouter.swift in Sources */ = {isa = PBXBuildFile; fileRef = BB1D4D5D22170C7D00966A5A /* PhotosListRouter.swift */; };
		BB1D4D6522170C7D00966A5A /* PhotosListViewController.swift in Sources */ = {isa = PBXBuildFile; fileRef = BB1D4D5E22170C7D00966A5A /* PhotosListViewController.swift */; };
		BB1D4D6622170C7D00966A5A /* PhotosListInteractor.swift in Sources */ = {isa = PBXBuildFile; fileRef = BB1D4D5F22170C7D00966A5A /* PhotosListInteractor.swift */; };
		BB1D4D6822170C7D00966A5A /* PhotosListConfigurator.swift in Sources */ = {isa = PBXBuildFile; fileRef = BB1D4D6122170C7D00966A5A /* PhotosListConfigurator.swift */; };
		BB1D4D7022170F1000966A5A /* PhotoDetailsPresenter.swift in Sources */ = {isa = PBXBuildFile; fileRef = BB1D4D6922170F1000966A5A /* PhotoDetailsPresenter.swift */; };
		BB1D4D7122170F1000966A5A /* PhotoDetailsWorker.swift in Sources */ = {isa = PBXBuildFile; fileRef = BB1D4D6A22170F1000966A5A /* PhotoDetailsWorker.swift */; };
		BB1D4D7222170F1000966A5A /* PhotoDetailsRouter.swift in Sources */ = {isa = PBXBuildFile; fileRef = BB1D4D6B22170F1000966A5A /* PhotoDetailsRouter.swift */; };
		BB1D4D7322170F1000966A5A /* PhotoDetailsViewController.swift in Sources */ = {isa = PBXBuildFile; fileRef = BB1D4D6C22170F1000966A5A /* PhotoDetailsViewController.swift */; };
		BB1D4D7422170F1000966A5A /* PhotoDetailsInteractor.swift in Sources */ = {isa = PBXBuildFile; fileRef = BB1D4D6D22170F1000966A5A /* PhotoDetailsInteractor.swift */; };
		BB1D4D7522170F1000966A5A /* PhotoDetailsViewModel.swift in Sources */ = {isa = PBXBuildFile; fileRef = BB1D4D6E22170F1000966A5A /* PhotoDetailsViewModel.swift */; };
		BB1D4D7622170F1000966A5A /* PhotoDetailsConfigurator.swift in Sources */ = {isa = PBXBuildFile; fileRef = BB1D4D6F22170F1000966A5A /* PhotoDetailsConfigurator.swift */; };
		BB3A584322171E4000E2855D /* PhotosListAPI.swift in Sources */ = {isa = PBXBuildFile; fileRef = BB3A584222171E4000E2855D /* PhotosListAPI.swift */; };
		BB3A584622172A9300E2855D /* NetworkManager.swift in Sources */ = {isa = PBXBuildFile; fileRef = BB3A584522172A9300E2855D /* NetworkManager.swift */; };
		BB3A584822172B1400E2855D /* NetworkResponse.swift in Sources */ = {isa = PBXBuildFile; fileRef = BB3A584722172B1400E2855D /* NetworkResponse.swift */; };
		BB3A584C221732DC00E2855D /* GenericResponse.swift in Sources */ = {isa = PBXBuildFile; fileRef = BB3A584B221732DC00E2855D /* GenericResponse.swift */; };
		BB3A584E2217350300E2855D /* PhotosListViewModel.swift in Sources */ = {isa = PBXBuildFile; fileRef = BB3A584D2217350300E2855D /* PhotosListViewModel.swift */; };
		BB3A58502217358B00E2855D /* PhotosViewModel.swift in Sources */ = {isa = PBXBuildFile; fileRef = BB3A584F2217358B00E2855D /* PhotosViewModel.swift */; };
		BB3A5852221760C800E2855D /* UIViewController+UINavigation.swift in Sources */ = {isa = PBXBuildFile; fileRef = BB3A5851221760C800E2855D /* UIViewController+UINavigation.swift */; };
		BB66C48C22164C7800B07D98 /* AppDelegate.swift in Sources */ = {isa = PBXBuildFile; fileRef = BB66C48B22164C7800B07D98 /* AppDelegate.swift */; };
		BB66C49122164C7800B07D98 /* Main.storyboard in Resources */ = {isa = PBXBuildFile; fileRef = BB66C48F22164C7800B07D98 /* Main.storyboard */; };
		BB66C49322164C7A00B07D98 /* Assets.xcassets in Resources */ = {isa = PBXBuildFile; fileRef = BB66C49222164C7A00B07D98 /* Assets.xcassets */; };
		BB66C49622164C7A00B07D98 /* LaunchScreen.storyboard in Resources */ = {isa = PBXBuildFile; fileRef = BB66C49422164C7A00B07D98 /* LaunchScreen.storyboard */; };
		BB66C4A122164C7A00B07D98 /* Mars_Rovers_PhotosTests.swift in Sources */ = {isa = PBXBuildFile; fileRef = BB66C4A022164C7A00B07D98 /* Mars_Rovers_PhotosTests.swift */; };
		BB66C4AC22164C7A00B07D98 /* Mars_Rovers_PhotosUITests.swift in Sources */ = {isa = PBXBuildFile; fileRef = BB66C4AB22164C7A00B07D98 /* Mars_Rovers_PhotosUITests.swift */; };
		BBDD9DB9221762C6007811E9 /* String+Localized.swift in Sources */ = {isa = PBXBuildFile; fileRef = BBDD9DB8221762C6007811E9 /* String+Localized.swift */; };
		BBDD9DBB22176447007811E9 /* Date+Formatter.swift in Sources */ = {isa = PBXBuildFile; fileRef = BBDD9DBA22176447007811E9 /* Date+Formatter.swift */; };
		BBF085ED22171710000A6E7A /* CustomCell.swift in Sources */ = {isa = PBXBuildFile; fileRef = BBF085EB22171710000A6E7A /* CustomCell.swift */; };
		BBF085EE22171710000A6E7A /* CustomCell.xib in Resources */ = {isa = PBXBuildFile; fileRef = BBF085EC22171710000A6E7A /* CustomCell.xib */; };
		BBF085F02217171E000A6E7A /* CustomLayout.swift in Sources */ = {isa = PBXBuildFile; fileRef = BBF085EF2217171E000A6E7A /* CustomLayout.swift */; };
		BBF085F822171B18000A6E7A /* Cameras.swift in Sources */ = {isa = PBXBuildFile; fileRef = BBF085F422171B17000A6E7A /* Cameras.swift */; };
		BBF085F922171B18000A6E7A /* Camera.swift in Sources */ = {isa = PBXBuildFile; fileRef = BBF085F522171B17000A6E7A /* Camera.swift */; };
		BBF085FA22171B18000A6E7A /* Photos.swift in Sources */ = {isa = PBXBuildFile; fileRef = BBF085F622171B17000A6E7A /* Photos.swift */; };
		BBF085FB22171B18000A6E7A /* Rover.swift in Sources */ = {isa = PBXBuildFile; fileRef = BBF085F722171B18000A6E7A /* Rover.swift */; };
		E62140CC874D503930BB2E37 /* Pods_Mars_Rovers_PhotosTests.framework in Frameworks */ = {isa = PBXBuildFile; fileRef = 9468932B673CD487357CBC54 /* Pods_Mars_Rovers_PhotosTests.framework */; };
/* End PBXBuildFile section */

/* Begin PBXContainerItemProxy section */
		BB66C49D22164C7A00B07D98 /* PBXContainerItemProxy */ = {
			isa = PBXContainerItemProxy;
			containerPortal = BB66C48022164C7800B07D98 /* Project object */;
			proxyType = 1;
			remoteGlobalIDString = BB66C48722164C7800B07D98;
			remoteInfo = "Mars Rovers Photos";
		};
		BB66C4A822164C7A00B07D98 /* PBXContainerItemProxy */ = {
			isa = PBXContainerItemProxy;
			containerPortal = BB66C48022164C7800B07D98 /* Project object */;
			proxyType = 1;
			remoteGlobalIDString = BB66C48722164C7800B07D98;
			remoteInfo = "Mars Rovers Photos";
		};
/* End PBXContainerItemProxy section */

/* Begin PBXFileReference section */
		00AA604F43F31820705F3DB2 /* Pods_Mars_Rovers_PhotosUITests.framework */ = {isa = PBXFileReference; explicitFileType = wrapper.framework; includeInIndex = 0; path = Pods_Mars_Rovers_PhotosUITests.framework; sourceTree = BUILT_PRODUCTS_DIR; };
		044BD7AE7D5DE14FBEDC01DC /* Pods-Mars Rovers Photos.release.xcconfig */ = {isa = PBXFileReference; includeInIndex = 1; lastKnownFileType = text.xcconfig; name = "Pods-Mars Rovers Photos.release.xcconfig"; path = "Target Support Files/Pods-Mars Rovers Photos/Pods-Mars Rovers Photos.release.xcconfig"; sourceTree = "<group>"; };
		09BCDB6F3677D58DD0EA13B8 /* Pods_Mars_Rovers_Photos.framework */ = {isa = PBXFileReference; explicitFileType = wrapper.framework; includeInIndex = 0; path = Pods_Mars_Rovers_Photos.framework; sourceTree = BUILT_PRODUCTS_DIR; };
		0B15ECB5139E53E5D8530EC8 /* Pods-Mars Rovers Photos.debug.xcconfig */ = {isa = PBXFileReference; includeInIndex = 1; lastKnownFileType = text.xcconfig; name = "Pods-Mars Rovers Photos.debug.xcconfig"; path = "Target Support Files/Pods-Mars Rovers Photos/Pods-Mars Rovers Photos.debug.xcconfig"; sourceTree = "<group>"; };
		26626D4A514B3AEB8B1D06BE /* Pods-Mars Rovers PhotosTests.debug.xcconfig */ = {isa = PBXFileReference; includeInIndex = 1; lastKnownFileType = text.xcconfig; name = "Pods-Mars Rovers PhotosTests.debug.xcconfig"; path = "Target Support Files/Pods-Mars Rovers PhotosTests/Pods-Mars Rovers PhotosTests.debug.xcconfig"; sourceTree = "<group>"; };
		5D12F1C08E20625AE7F4A7E9 /* Pods-Mars Rovers PhotosTests.release.xcconfig */ = {isa = PBXFileReference; includeInIndex = 1; lastKnownFileType = text.xcconfig; name = "Pods-Mars Rovers PhotosTests.release.xcconfig"; path = "Target Support Files/Pods-Mars Rovers PhotosTests/Pods-Mars Rovers PhotosTests.release.xcconfig"; sourceTree = "<group>"; };
		9468932B673CD487357CBC54 /* Pods_Mars_Rovers_PhotosTests.framework */ = {isa = PBXFileReference; explicitFileType = wrapper.framework; includeInIndex = 0; path = Pods_Mars_Rovers_PhotosTests.framework; sourceTree = BUILT_PRODUCTS_DIR; };
		BB1D4CE72216E81600966A5A /* UITableViewCell+UICollectionViewCell+RegisterCell.swift */ = {isa = PBXFileReference; fileEncoding = 4; lastKnownFileType = sourcecode.swift; path = "UITableViewCell+UICollectionViewCell+RegisterCell.swift"; sourceTree = "<group>"; };
		BB1D4D5B22170C7D00966A5A /* PhotosListPresenter.swift */ = {isa = PBXFileReference; lastKnownFileType = sourcecode.swift; path = PhotosListPresenter.swift; sourceTree = "<group>"; };
		BB1D4D5C22170C7D00966A5A /* PhotosListWorker.swift */ = {isa = PBXFileReference; lastKnownFileType = sourcecode.swift; path = PhotosListWorker.swift; sourceTree = "<group>"; };
		BB1D4D5D22170C7D00966A5A /* PhotosListRouter.swift */ = {isa = PBXFileReference; lastKnownFileType = sourcecode.swift; path = PhotosListRouter.swift; sourceTree = "<group>"; };
		BB1D4D5E22170C7D00966A5A /* PhotosListViewController.swift */ = {isa = PBXFileReference; lastKnownFileType = sourcecode.swift; path = PhotosListViewController.swift; sourceTree = "<group>"; };
		BB1D4D5F22170C7D00966A5A /* PhotosListInteractor.swift */ = {isa = PBXFileReference; lastKnownFileType = sourcecode.swift; path = PhotosListInteractor.swift; sourceTree = "<group>"; };
		BB1D4D6122170C7D00966A5A /* PhotosListConfigurator.swift */ = {isa = PBXFileReference; lastKnownFileType = sourcecode.swift; path = PhotosListConfigurator.swift; sourceTree = "<group>"; };
		BB1D4D6922170F1000966A5A /* PhotoDetailsPresenter.swift */ = {isa = PBXFileReference; lastKnownFileType = sourcecode.swift; path = PhotoDetailsPresenter.swift; sourceTree = "<group>"; };
		BB1D4D6A22170F1000966A5A /* PhotoDetailsWorker.swift */ = {isa = PBXFileReference; lastKnownFileType = sourcecode.swift; path = PhotoDetailsWorker.swift; sourceTree = "<group>"; };
		BB1D4D6B22170F1000966A5A /* PhotoDetailsRouter.swift */ = {isa = PBXFileReference; lastKnownFileType = sourcecode.swift; path = PhotoDetailsRouter.swift; sourceTree = "<group>"; };
		BB1D4D6C22170F1000966A5A /* PhotoDetailsViewController.swift */ = {isa = PBXFileReference; lastKnownFileType = sourcecode.swift; path = PhotoDetailsViewController.swift; sourceTree = "<group>"; };
		BB1D4D6D22170F1000966A5A /* PhotoDetailsInteractor.swift */ = {isa = PBXFileReference; lastKnownFileType = sourcecode.swift; path = PhotoDetailsInteractor.swift; sourceTree = "<group>"; };
		BB1D4D6E22170F1000966A5A /* PhotoDetailsViewModel.swift */ = {isa = PBXFileReference; lastKnownFileType = sourcecode.swift; path = PhotoDetailsViewModel.swift; sourceTree = "<group>"; };
		BB1D4D6F22170F1000966A5A /* PhotoDetailsConfigurator.swift */ = {isa = PBXFileReference; lastKnownFileType = sourcecode.swift; path = PhotoDetailsConfigurator.swift; sourceTree = "<group>"; };
		BB3A584222171E4000E2855D /* PhotosListAPI.swift */ = {isa = PBXFileReference; lastKnownFileType = sourcecode.swift; path = PhotosListAPI.swift; sourceTree = "<group>"; };
		BB3A584522172A9300E2855D /* NetworkManager.swift */ = {isa = PBXFileReference; lastKnownFileType = sourcecode.swift; path = NetworkManager.swift; sourceTree = "<group>"; };
		BB3A584722172B1400E2855D /* NetworkResponse.swift */ = {isa = PBXFileReference; fileEncoding = 4; lastKnownFileType = sourcecode.swift; path = NetworkResponse.swift; sourceTree = "<group>"; };
		BB3A584B221732DC00E2855D /* GenericResponse.swift */ = {isa = PBXFileReference; fileEncoding = 4; lastKnownFileType = sourcecode.swift; path = GenericResponse.swift; sourceTree = "<group>"; };
		BB3A584D2217350300E2855D /* PhotosListViewModel.swift */ = {isa = PBXFileReference; lastKnownFileType = sourcecode.swift; path = PhotosListViewModel.swift; sourceTree = "<group>"; };
		BB3A584F2217358B00E2855D /* PhotosViewModel.swift */ = {isa = PBXFileReference; lastKnownFileType = sourcecode.swift; path = PhotosViewModel.swift; sourceTree = "<group>"; };
		BB3A5851221760C800E2855D /* UIViewController+UINavigation.swift */ = {isa = PBXFileReference; fileEncoding = 4; lastKnownFileType = sourcecode.swift; path = "UIViewController+UINavigation.swift"; sourceTree = "<group>"; };
		BB66C48822164C7800B07D98 /* Mars Rovers Photos.app */ = {isa = PBXFileReference; explicitFileType = wrapper.application; includeInIndex = 0; path = "Mars Rovers Photos.app"; sourceTree = BUILT_PRODUCTS_DIR; };
		BB66C48B22164C7800B07D98 /* AppDelegate.swift */ = {isa = PBXFileReference; lastKnownFileType = sourcecode.swift; path = AppDelegate.swift; sourceTree = "<group>"; };
		BB66C49022164C7800B07D98 /* Base */ = {isa = PBXFileReference; lastKnownFileType = file.storyboard; name = Base; path = Base.lproj/Main.storyboard; sourceTree = "<group>"; };
		BB66C49222164C7A00B07D98 /* Assets.xcassets */ = {isa = PBXFileReference; lastKnownFileType = folder.assetcatalog; path = Assets.xcassets; sourceTree = "<group>"; };
		BB66C49522164C7A00B07D98 /* Base */ = {isa = PBXFileReference; lastKnownFileType = file.storyboard; name = Base; path = Base.lproj/LaunchScreen.storyboard; sourceTree = "<group>"; };
		BB66C49722164C7A00B07D98 /* Info.plist */ = {isa = PBXFileReference; lastKnownFileType = text.plist.xml; path = Info.plist; sourceTree = "<group>"; };
		BB66C49C22164C7A00B07D98 /* Mars Rovers PhotosTests.xctest */ = {isa = PBXFileReference; explicitFileType = wrapper.cfbundle; includeInIndex = 0; path = "Mars Rovers PhotosTests.xctest"; sourceTree = BUILT_PRODUCTS_DIR; };
		BB66C4A022164C7A00B07D98 /* Mars_Rovers_PhotosTests.swift */ = {isa = PBXFileReference; lastKnownFileType = sourcecode.swift; path = Mars_Rovers_PhotosTests.swift; sourceTree = "<group>"; };
		BB66C4A222164C7A00B07D98 /* Info.plist */ = {isa = PBXFileReference; lastKnownFileType = text.plist.xml; path = Info.plist; sourceTree = "<group>"; };
		BB66C4A722164C7A00B07D98 /* Mars Rovers PhotosUITests.xctest */ = {isa = PBXFileReference; explicitFileType = wrapper.cfbundle; includeInIndex = 0; path = "Mars Rovers PhotosUITests.xctest"; sourceTree = BUILT_PRODUCTS_DIR; };
		BB66C4AB22164C7A00B07D98 /* Mars_Rovers_PhotosUITests.swift */ = {isa = PBXFileReference; lastKnownFileType = sourcecode.swift; path = Mars_Rovers_PhotosUITests.swift; sourceTree = "<group>"; };
		BB66C4AD22164C7A00B07D98 /* Info.plist */ = {isa = PBXFileReference; lastKnownFileType = text.plist.xml; path = Info.plist; sourceTree = "<group>"; };
		BBDD9DB8221762C6007811E9 /* String+Localized.swift */ = {isa = PBXFileReference; fileEncoding = 4; lastKnownFileType = sourcecode.swift; path = "String+Localized.swift"; sourceTree = "<group>"; };
		BBDD9DBA22176447007811E9 /* Date+Formatter.swift */ = {isa = PBXFileReference; lastKnownFileType = sourcecode.swift; path = "Date+Formatter.swift"; sourceTree = "<group>"; };
		BBF085EB22171710000A6E7A /* CustomCell.swift */ = {isa = PBXFileReference; lastKnownFileType = sourcecode.swift; path = CustomCell.swift; sourceTree = "<group>"; };
		BBF085EC22171710000A6E7A /* CustomCell.xib */ = {isa = PBXFileReference; lastKnownFileType = file.xib; path = CustomCell.xib; sourceTree = "<group>"; };
		BBF085EF2217171E000A6E7A /* CustomLayout.swift */ = {isa = PBXFileReference; fileEncoding = 4; lastKnownFileType = sourcecode.swift; path = CustomLayout.swift; sourceTree = "<group>"; };
		BBF085F422171B17000A6E7A /* Cameras.swift */ = {isa = PBXFileReference; fileEncoding = 4; lastKnownFileType = sourcecode.swift; path = Cameras.swift; sourceTree = "<group>"; };
		BBF085F522171B17000A6E7A /* Camera.swift */ = {isa = PBXFileReference; fileEncoding = 4; lastKnownFileType = sourcecode.swift; path = Camera.swift; sourceTree = "<group>"; };
		BBF085F622171B17000A6E7A /* Photos.swift */ = {isa = PBXFileReference; fileEncoding = 4; lastKnownFileType = sourcecode.swift; path = Photos.swift; sourceTree = "<group>"; };
		BBF085F722171B18000A6E7A /* Rover.swift */ = {isa = PBXFileReference; fileEncoding = 4; lastKnownFileType = sourcecode.swift; path = Rover.swift; sourceTree = "<group>"; };
		CCDD4E7B43A2430D2E659C80 /* Pods-Mars Rovers PhotosUITests.debug.xcconfig */ = {isa = PBXFileReference; includeInIndex = 1; lastKnownFileType = text.xcconfig; name = "Pods-Mars Rovers PhotosUITests.debug.xcconfig"; path = "Target Support Files/Pods-Mars Rovers PhotosUITests/Pods-Mars Rovers PhotosUITests.debug.xcconfig"; sourceTree = "<group>"; };
		FBFEF0A53CF8B8CB32F3F490 /* Pods-Mars Rovers PhotosUITests.release.xcconfig */ = {isa = PBXFileReference; includeInIndex = 1; lastKnownFileType = text.xcconfig; name = "Pods-Mars Rovers PhotosUITests.release.xcconfig"; path = "Target Support Files/Pods-Mars Rovers PhotosUITests/Pods-Mars Rovers PhotosUITests.release.xcconfig"; sourceTree = "<group>"; };
/* End PBXFileReference section */

/* Begin PBXFrameworksBuildPhase section */
		BB66C48522164C7800B07D98 /* Frameworks */ = {
			isa = PBXFrameworksBuildPhase;
			buildActionMask = 2147483647;
			files = (
				4F41E7AFB4E1D8907F812C47 /* Pods_Mars_Rovers_Photos.framework in Frameworks */,
			);
			runOnlyForDeploymentPostprocessing = 0;
		};
		BB66C49922164C7A00B07D98 /* Frameworks */ = {
			isa = PBXFrameworksBuildPhase;
			buildActionMask = 2147483647;
			files = (
				E62140CC874D503930BB2E37 /* Pods_Mars_Rovers_PhotosTests.framework in Frameworks */,
			);
			runOnlyForDeploymentPostprocessing = 0;
		};
		BB66C4A422164C7A00B07D98 /* Frameworks */ = {
			isa = PBXFrameworksBuildPhase;
			buildActionMask = 2147483647;
			files = (
				68A54D4B62EBC7901DCA1C8C /* Pods_Mars_Rovers_PhotosUITests.framework in Frameworks */,
			);
			runOnlyForDeploymentPostprocessing = 0;
		};
/* End PBXFrameworksBuildPhase section */

/* Begin PBXGroup section */
		08A559BB2F8A3659DE4EE7A3 /* Pods */ = {
			isa = PBXGroup;
			children = (
				0B15ECB5139E53E5D8530EC8 /* Pods-Mars Rovers Photos.debug.xcconfig */,
				044BD7AE7D5DE14FBEDC01DC /* Pods-Mars Rovers Photos.release.xcconfig */,
				26626D4A514B3AEB8B1D06BE /* Pods-Mars Rovers PhotosTests.debug.xcconfig */,
				5D12F1C08E20625AE7F4A7E9 /* Pods-Mars Rovers PhotosTests.release.xcconfig */,
				CCDD4E7B43A2430D2E659C80 /* Pods-Mars Rovers PhotosUITests.debug.xcconfig */,
				FBFEF0A53CF8B8CB32F3F490 /* Pods-Mars Rovers PhotosUITests.release.xcconfig */,
			);
			path = Pods;
			sourceTree = "<group>";
		};
		45D1FEB68E1F1DE08D799475 /* Frameworks */ = {
			isa = PBXGroup;
			children = (
				09BCDB6F3677D58DD0EA13B8 /* Pods_Mars_Rovers_Photos.framework */,
				9468932B673CD487357CBC54 /* Pods_Mars_Rovers_PhotosTests.framework */,
				00AA604F43F31820705F3DB2 /* Pods_Mars_Rovers_PhotosUITests.framework */,
			);
			name = Frameworks;
			sourceTree = "<group>";
		};
		BB1D4C9322165E8A00966A5A /* Scenes */ = {
			isa = PBXGroup;
			children = (
				BB1D4D5A22170C2000966A5A /* Photos List */,
				BB1D4C9522165EB900966A5A /* Photo Details */,
			);
			path = Scenes;
			sourceTree = "<group>";
		};
		BB1D4C9522165EB900966A5A /* Photo Details */ = {
			isa = PBXGroup;
			children = (
				BB1D4D6F22170F1000966A5A /* PhotoDetailsConfigurator.swift */,
				BB1D4D6D22170F1000966A5A /* PhotoDetailsInteractor.swift */,
				BB1D4D6A22170F1000966A5A /* PhotoDetailsWorker.swift */,
				BB1D4D6922170F1000966A5A /* PhotoDetailsPresenter.swift */,
				BB1D4D6B22170F1000966A5A /* PhotoDetailsRouter.swift */,
				BB1D4D6C22170F1000966A5A /* PhotoDetailsViewController.swift */,
				BB1D4D6E22170F1000966A5A /* PhotoDetailsViewModel.swift */,
			);
			path = "Photo Details";
			sourceTree = "<group>";
		};
		BB1D4CE62216E7E900966A5A /* Extensions */ = {
			isa = PBXGroup;
			children = (
				BB1D4CE72216E81600966A5A /* UITableViewCell+UICollectionViewCell+RegisterCell.swift */,
				BB3A5851221760C800E2855D /* UIViewController+UINavigation.swift */,
				BBDD9DB8221762C6007811E9 /* String+Localized.swift */,
				BBDD9DBA22176447007811E9 /* Date+Formatter.swift */,
			);
			path = Extensions;
			sourceTree = "<group>";
		};
		BB1D4D5A22170C2000966A5A /* Photos List */ = {
			isa = PBXGroup;
			children = (
				BBF085F122171795000A6E7A /* ViewModel */,
				BB3A583F22171C9B00E2855D /* Worker */,
				BBF085EA221716F3000A6E7A /* Cell */,
				BB1D4D6122170C7D00966A5A /* PhotosListConfigurator.swift */,
				BB1D4D5F22170C7D00966A5A /* PhotosListInteractor.swift */,
				BB1D4D5B22170C7D00966A5A /* PhotosListPresenter.swift */,
				BB1D4D5D22170C7D00966A5A /* PhotosListRouter.swift */,
				BB1D4D5E22170C7D00966A5A /* PhotosListViewController.swift */,
			);
			path = "Photos List";
			sourceTree = "<group>";
		};
		BB3A583F22171C9B00E2855D /* Worker */ = {
			isa = PBXGroup;
			children = (
				BB1D4D5C22170C7D00966A5A /* PhotosListWorker.swift */,
				BB3A584222171E4000E2855D /* PhotosListAPI.swift */,
			);
			path = Worker;
			sourceTree = "<group>";
		};
		BB3A584422172A5F00E2855D /* Network */ = {
			isa = PBXGroup;
			children = (
				BB3A584522172A9300E2855D /* NetworkManager.swift */,
				BB3A584722172B1400E2855D /* NetworkResponse.swift */,
			);
			path = Network;
			sourceTree = "<group>";
		};
		BB66C47F22164C7800B07D98 = {
			isa = PBXGroup;
			children = (
				BB66C48A22164C7800B07D98 /* Mars Rovers Photos */,
				BB66C49F22164C7A00B07D98 /* Mars Rovers PhotosTests */,
				BB66C4AA22164C7A00B07D98 /* Mars Rovers PhotosUITests */,
				BB66C48922164C7800B07D98 /* Products */,
				08A559BB2F8A3659DE4EE7A3 /* Pods */,
				45D1FEB68E1F1DE08D799475 /* Frameworks */,
			);
			sourceTree = "<group>";
		};
		BB66C48922164C7800B07D98 /* Products */ = {
			isa = PBXGroup;
			children = (
				BB66C48822164C7800B07D98 /* Mars Rovers Photos.app */,
				BB66C49C22164C7A00B07D98 /* Mars Rovers PhotosTests.xctest */,
				BB66C4A722164C7A00B07D98 /* Mars Rovers PhotosUITests.xctest */,
			);
			name = Products;
			sourceTree = "<group>";
		};
		BB66C48A22164C7800B07D98 /* Mars Rovers Photos */ = {
			isa = PBXGroup;
			children = (
				BB66C48B22164C7800B07D98 /* AppDelegate.swift */,
				BBF085F222171A9D000A6E7A /* Commom */,
				BB1D4CE62216E7E900966A5A /* Extensions */,
				BB1D4C9322165E8A00966A5A /* Scenes */,
				BB66C48F22164C7800B07D98 /* Main.storyboard */,
				BB66C49222164C7A00B07D98 /* Assets.xcassets */,
				BB66C49422164C7A00B07D98 /* LaunchScreen.storyboard */,
				BB66C49722164C7A00B07D98 /* Info.plist */,
			);
			path = "Mars Rovers Photos";
			sourceTree = "<group>";
		};
		BB66C49F22164C7A00B07D98 /* Mars Rovers PhotosTests */ = {
			isa = PBXGroup;
			children = (
				BB66C4A022164C7A00B07D98 /* Mars_Rovers_PhotosTests.swift */,
				BB66C4A222164C7A00B07D98 /* Info.plist */,
			);
			path = "Mars Rovers PhotosTests";
			sourceTree = "<group>";
		};
		BB66C4AA22164C7A00B07D98 /* Mars Rovers PhotosUITests */ = {
			isa = PBXGroup;
			children = (
				BB66C4AB22164C7A00B07D98 /* Mars_Rovers_PhotosUITests.swift */,
				BB66C4AD22164C7A00B07D98 /* Info.plist */,
			);
			path = "Mars Rovers PhotosUITests";
			sourceTree = "<group>";
		};
		BBF085EA221716F3000A6E7A /* Cell */ = {
			isa = PBXGroup;
			children = (
				BBF085EF2217171E000A6E7A /* CustomLayout.swift */,
				BBF085EB22171710000A6E7A /* CustomCell.swift */,
				BBF085EC22171710000A6E7A /* CustomCell.xib */,
			);
			path = Cell;
			sourceTree = "<group>";
		};
		BBF085F122171795000A6E7A /* ViewModel */ = {
			isa = PBXGroup;
			children = (
				BB3A584D2217350300E2855D /* PhotosListViewModel.swift */,
				BB3A584F2217358B00E2855D /* PhotosViewModel.swift */,
			);
			path = ViewModel;
			sourceTree = "<group>";
		};
		BBF085F222171A9D000A6E7A /* Commom */ = {
			isa = PBXGroup;
			children = (
				BB3A584422172A5F00E2855D /* Network */,
				BBF085F322171AA1000A6E7A /* Model */,
			);
			path = Commom;
			sourceTree = "<group>";
		};
		BBF085F322171AA1000A6E7A /* Model */ = {
			isa = PBXGroup;
			children = (
				BB3A584B221732DC00E2855D /* GenericResponse.swift */,
				BBF085F522171B17000A6E7A /* Camera.swift */,
				BBF085F422171B17000A6E7A /* Cameras.swift */,
				BBF085F622171B17000A6E7A /* Photos.swift */,
				BBF085F722171B18000A6E7A /* Rover.swift */,
			);
			path = Model;
			sourceTree = "<group>";
		};
/* End PBXGroup section */

/* Begin PBXNativeTarget section */
		BB66C48722164C7800B07D98 /* Mars Rovers Photos */ = {
			isa = PBXNativeTarget;
			buildConfigurationList = BB66C4B022164C7A00B07D98 /* Build configuration list for PBXNativeTarget "Mars Rovers Photos" */;
			buildPhases = (
				C9FB4F0518D1D367D62F4D4F /* [CP] Check Pods Manifest.lock */,
				BB66C48422164C7800B07D98 /* Sources */,
				BB66C48522164C7800B07D98 /* Frameworks */,
				BB66C48622164C7800B07D98 /* Resources */,
				F4F739EB6C627315F4DE311C /* [CP] Embed Pods Frameworks */,
			);
			buildRules = (
			);
			dependencies = (
			);
			name = "Mars Rovers Photos";
			productName = "Mars Rovers Photos";
			productReference = BB66C48822164C7800B07D98 /* Mars Rovers Photos.app */;
			productType = "com.apple.product-type.application";
		};
		BB66C49B22164C7A00B07D98 /* Mars Rovers PhotosTests */ = {
			isa = PBXNativeTarget;
			buildConfigurationList = BB66C4B322164C7A00B07D98 /* Build configuration list for PBXNativeTarget "Mars Rovers PhotosTests" */;
			buildPhases = (
				A15534B70E1D78E17EC21786 /* [CP] Check Pods Manifest.lock */,
				BB66C49822164C7A00B07D98 /* Sources */,
				BB66C49922164C7A00B07D98 /* Frameworks */,
				BB66C49A22164C7A00B07D98 /* Resources */,
			);
			buildRules = (
			);
			dependencies = (
				BB66C49E22164C7A00B07D98 /* PBXTargetDependency */,
			);
			name = "Mars Rovers PhotosTests";
			productName = "Mars Rovers PhotosTests";
			productReference = BB66C49C22164C7A00B07D98 /* Mars Rovers PhotosTests.xctest */;
			productType = "com.apple.product-type.bundle.unit-test";
		};
		BB66C4A622164C7A00B07D98 /* Mars Rovers PhotosUITests */ = {
			isa = PBXNativeTarget;
			buildConfigurationList = BB66C4B622164C7A00B07D98 /* Build configuration list for PBXNativeTarget "Mars Rovers PhotosUITests" */;
			buildPhases = (
				9997C358F28F5E4A962C5C1F /* [CP] Check Pods Manifest.lock */,
				BB66C4A322164C7A00B07D98 /* Sources */,
				BB66C4A422164C7A00B07D98 /* Frameworks */,
				BB66C4A522164C7A00B07D98 /* Resources */,
			);
			buildRules = (
			);
			dependencies = (
				BB66C4A922164C7A00B07D98 /* PBXTargetDependency */,
			);
			name = "Mars Rovers PhotosUITests";
			productName = "Mars Rovers PhotosUITests";
			productReference = BB66C4A722164C7A00B07D98 /* Mars Rovers PhotosUITests.xctest */;
			productType = "com.apple.product-type.bundle.ui-testing";
		};
/* End PBXNativeTarget section */

/* Begin PBXProject section */
		BB66C48022164C7800B07D98 /* Project object */ = {
			isa = PBXProject;
			attributes = {
				LastSwiftUpdateCheck = 1010;
				LastUpgradeCheck = 1010;
				ORGANIZATIONNAME = "Daniel Griso Filho";
				TargetAttributes = {
					BB66C48722164C7800B07D98 = {
						CreatedOnToolsVersion = 10.1;
					};
					BB66C49B22164C7A00B07D98 = {
						CreatedOnToolsVersion = 10.1;
						TestTargetID = BB66C48722164C7800B07D98;
					};
					BB66C4A622164C7A00B07D98 = {
						CreatedOnToolsVersion = 10.1;
						TestTargetID = BB66C48722164C7800B07D98;
					};
				};
			};
			buildConfigurationList = BB66C48322164C7800B07D98 /* Build configuration list for PBXProject "Mars Rovers Photos" */;
			compatibilityVersion = "Xcode 9.3";
			developmentRegion = en;
			hasScannedForEncodings = 0;
			knownRegions = (
				en,
				Base,
			);
			mainGroup = BB66C47F22164C7800B07D98;
			productRefGroup = BB66C48922164C7800B07D98 /* Products */;
			projectDirPath = "";
			projectRoot = "";
			targets = (
				BB66C48722164C7800B07D98 /* Mars Rovers Photos */,
				BB66C49B22164C7A00B07D98 /* Mars Rovers PhotosTests */,
				BB66C4A622164C7A00B07D98 /* Mars Rovers PhotosUITests */,
			);
		};
/* End PBXProject section */

/* Begin PBXResourcesBuildPhase section */
		BB66C48622164C7800B07D98 /* Resources */ = {
			isa = PBXResourcesBuildPhase;
			buildActionMask = 2147483647;
			files = (
				BB66C49622164C7A00B07D98 /* LaunchScreen.storyboard in Resources */,
				BB66C49322164C7A00B07D98 /* Assets.xcassets in Resources */,
				BBF085EE22171710000A6E7A /* CustomCell.xib in Resources */,
				BB66C49122164C7800B07D98 /* Main.storyboard in Resources */,
			);
			runOnlyForDeploymentPostprocessing = 0;
		};
		BB66C49A22164C7A00B07D98 /* Resources */ = {
			isa = PBXResourcesBuildPhase;
			buildActionMask = 2147483647;
			files = (
			);
			runOnlyForDeploymentPostprocessing = 0;
		};
		BB66C4A522164C7A00B07D98 /* Resources */ = {
			isa = PBXResourcesBuildPhase;
			buildActionMask = 2147483647;
			files = (
			);
			runOnlyForDeploymentPostprocessing = 0;
		};
/* End PBXResourcesBuildPhase section */

/* Begin PBXShellScriptBuildPhase section */
		9997C358F28F5E4A962C5C1F /* [CP] Check Pods Manifest.lock */ = {
			isa = PBXShellScriptBuildPhase;
			buildActionMask = 2147483647;
			files = (
			);
			inputFileListPaths = (
			);
			inputPaths = (
				"${PODS_PODFILE_DIR_PATH}/Podfile.lock",
				"${PODS_ROOT}/Manifest.lock",
			);
			name = "[CP] Check Pods Manifest.lock";
			outputFileListPaths = (
			);
			outputPaths = (
				"$(DERIVED_FILE_DIR)/Pods-Mars Rovers PhotosUITests-checkManifestLockResult.txt",
			);
			runOnlyForDeploymentPostprocessing = 0;
			shellPath = /bin/sh;
			shellScript = "diff \"${PODS_PODFILE_DIR_PATH}/Podfile.lock\" \"${PODS_ROOT}/Manifest.lock\" > /dev/null\nif [ $? != 0 ] ; then\n    # print error to STDERR\n    echo \"error: The sandbox is not in sync with the Podfile.lock. Run 'pod install' or update your CocoaPods installation.\" >&2\n    exit 1\nfi\n# This output is used by Xcode 'outputs' to avoid re-running this script phase.\necho \"SUCCESS\" > \"${SCRIPT_OUTPUT_FILE_0}\"\n";
			showEnvVarsInLog = 0;
		};
		A15534B70E1D78E17EC21786 /* [CP] Check Pods Manifest.lock */ = {
			isa = PBXShellScriptBuildPhase;
			buildActionMask = 2147483647;
			files = (
			);
			inputFileListPaths = (
			);
			inputPaths = (
				"${PODS_PODFILE_DIR_PATH}/Podfile.lock",
				"${PODS_ROOT}/Manifest.lock",
			);
			name = "[CP] Check Pods Manifest.lock";
			outputFileListPaths = (
			);
			outputPaths = (
				"$(DERIVED_FILE_DIR)/Pods-Mars Rovers PhotosTests-checkManifestLockResult.txt",
			);
			runOnlyForDeploymentPostprocessing = 0;
			shellPath = /bin/sh;
			shellScript = "diff \"${PODS_PODFILE_DIR_PATH}/Podfile.lock\" \"${PODS_ROOT}/Manifest.lock\" > /dev/null\nif [ $? != 0 ] ; then\n    # print error to STDERR\n    echo \"error: The sandbox is not in sync with the Podfile.lock. Run 'pod install' or update your CocoaPods installation.\" >&2\n    exit 1\nfi\n# This output is used by Xcode 'outputs' to avoid re-running this script phase.\necho \"SUCCESS\" > \"${SCRIPT_OUTPUT_FILE_0}\"\n";
			showEnvVarsInLog = 0;
		};
		C9FB4F0518D1D367D62F4D4F /* [CP] Check Pods Manifest.lock */ = {
			isa = PBXShellScriptBuildPhase;
			buildActionMask = 2147483647;
			files = (
			);
			inputFileListPaths = (
			);
			inputPaths = (
				"${PODS_PODFILE_DIR_PATH}/Podfile.lock",
				"${PODS_ROOT}/Manifest.lock",
			);
			name = "[CP] Check Pods Manifest.lock";
			outputFileListPaths = (
			);
			outputPaths = (
				"$(DERIVED_FILE_DIR)/Pods-Mars Rovers Photos-checkManifestLockResult.txt",
			);
			runOnlyForDeploymentPostprocessing = 0;
			shellPath = /bin/sh;
			shellScript = "diff \"${PODS_PODFILE_DIR_PATH}/Podfile.lock\" \"${PODS_ROOT}/Manifest.lock\" > /dev/null\nif [ $? != 0 ] ; then\n    # print error to STDERR\n    echo \"error: The sandbox is not in sync with the Podfile.lock. Run 'pod install' or update your CocoaPods installation.\" >&2\n    exit 1\nfi\n# This output is used by Xcode 'outputs' to avoid re-running this script phase.\necho \"SUCCESS\" > \"${SCRIPT_OUTPUT_FILE_0}\"\n";
			showEnvVarsInLog = 0;
		};
		F4F739EB6C627315F4DE311C /* [CP] Embed Pods Frameworks */ = {
			isa = PBXShellScriptBuildPhase;
			buildActionMask = 2147483647;
			files = (
			);
			inputFileListPaths = (
			);
			inputPaths = (
				"${PODS_ROOT}/Target Support Files/Pods-Mars Rovers Photos/Pods-Mars Rovers Photos-frameworks.sh",
				"${BUILT_PRODUCTS_DIR}/Alamofire/Alamofire.framework",
				"${BUILT_PRODUCTS_DIR}/ProgressHUD/ProgressHUD.framework",
				"${BUILT_PRODUCTS_DIR}/SDWebImage/SDWebImage.framework",
				"${BUILT_PRODUCTS_DIR}/SwiftyJSON/SwiftyJSON.framework",
			);
			name = "[CP] Embed Pods Frameworks";
			outputFileListPaths = (
			);
			outputPaths = (
				"${TARGET_BUILD_DIR}/${FRAMEWORKS_FOLDER_PATH}/Alamofire.framework",
				"${TARGET_BUILD_DIR}/${FRAMEWORKS_FOLDER_PATH}/ProgressHUD.framework",
				"${TARGET_BUILD_DIR}/${FRAMEWORKS_FOLDER_PATH}/SDWebImage.framework",
				"${TARGET_BUILD_DIR}/${FRAMEWORKS_FOLDER_PATH}/SwiftyJSON.framework",
			);
			runOnlyForDeploymentPostprocessing = 0;
			shellPath = /bin/sh;
			shellScript = "\"${PODS_ROOT}/Target Support Files/Pods-Mars Rovers Photos/Pods-Mars Rovers Photos-frameworks.sh\"\n";
			showEnvVarsInLog = 0;
		};
/* End PBXShellScriptBuildPhase section */

/* Begin PBXSourcesBuildPhase section */
		BB66C48422164C7800B07D98 /* Sources */ = {
			isa = PBXSourcesBuildPhase;
			buildActionMask = 2147483647;
			files = (
				BBF085F02217171E000A6E7A /* CustomLayout.swift in Sources */,
				BB3A584322171E4000E2855D /* PhotosListAPI.swift in Sources */,
				BB1D4D7322170F1000966A5A /* PhotoDetailsViewController.swift in Sources */,
				BB1D4D7222170F1000966A5A /* PhotoDetailsRouter.swift in Sources */,
				BB3A5852221760C800E2855D /* UIViewController+UINavigation.swift in Sources */,
				BBF085ED22171710000A6E7A /* CustomCell.swift in Sources */,
				BBF085F822171B18000A6E7A /* Cameras.swift in Sources */,
				BB1D4D6322170C7D00966A5A /* PhotosListWorker.swift in Sources */,
				BBF085FA22171B18000A6E7A /* Photos.swift in Sources */,
				BB1D4D6822170C7D00966A5A /* PhotosListConfigurator.swift in Sources */,
				BBDD9DBB22176447007811E9 /* Date+Formatter.swift in Sources */,
				BB1D4D7022170F1000966A5A /* PhotoDetailsPresenter.swift in Sources */,
				BB3A584E2217350300E2855D /* PhotosListViewModel.swift in Sources */,
				BB1D4D7522170F1000966A5A /* PhotoDetailsViewModel.swift in Sources */,
				BB3A584C221732DC00E2855D /* GenericResponse.swift in Sources */,
				BB3A584622172A9300E2855D /* NetworkManager.swift in Sources */,
				BB1D4D7422170F1000966A5A /* PhotoDetailsInteractor.swift in Sources */,
				BB1D4D6522170C7D00966A5A /* PhotosListViewController.swift in Sources */,
				BB1D4D6622170C7D00966A5A /* PhotosListInteractor.swift in Sources */,
				BB3A584822172B1400E2855D /* NetworkResponse.swift in Sources */,
				BBF085FB22171B18000A6E7A /* Rover.swift in Sources */,
				BB1D4CE82216E81600966A5A /* UITableViewCell+UICollectionViewCell+RegisterCell.swift in Sources */,
				BB3A58502217358B00E2855D /* PhotosViewModel.swift in Sources */,
				BB66C48C22164C7800B07D98 /* AppDelegate.swift in Sources */,
				BB1D4D7622170F1000966A5A /* PhotoDetailsConfigurator.swift in Sources */,
				BBDD9DB9221762C6007811E9 /* String+Localized.swift in Sources */,
				BBF085F922171B18000A6E7A /* Camera.swift in Sources */,
				BB1D4D6222170C7D00966A5A /* PhotosListPresenter.swift in Sources */,
				BB1D4D7122170F1000966A5A /* PhotoDetailsWorker.swift in Sources */,
				BB1D4D6422170C7D00966A5A /* PhotosListRouter.swift in Sources */,
			);
			runOnlyForDeploymentPostprocessing = 0;
		};
		BB66C49822164C7A00B07D98 /* Sources */ = {
			isa = PBXSourcesBuildPhase;
			buildActionMask = 2147483647;
			files = (
				BB66C4A122164C7A00B07D98 /* Mars_Rovers_PhotosTests.swift in Sources */,
			);
			runOnlyForDeploymentPostprocessing = 0;
		};
		BB66C4A322164C7A00B07D98 /* Sources */ = {
			isa = PBXSourcesBuildPhase;
			buildActionMask = 2147483647;
			files = (
				BB66C4AC22164C7A00B07D98 /* Mars_Rovers_PhotosUITests.swift in Sources */,
			);
			runOnlyForDeploymentPostprocessing = 0;
		};
/* End PBXSourcesBuildPhase section */

/* Begin PBXTargetDependency section */
		BB66C49E22164C7A00B07D98 /* PBXTargetDependency */ = {
			isa = PBXTargetDependency;
			target = BB66C48722164C7800B07D98 /* Mars Rovers Photos */;
			targetProxy = BB66C49D22164C7A00B07D98 /* PBXContainerItemProxy */;
		};
		BB66C4A922164C7A00B07D98 /* PBXTargetDependency */ = {
			isa = PBXTargetDependency;
			target = BB66C48722164C7800B07D98 /* Mars Rovers Photos */;
			targetProxy = BB66C4A822164C7A00B07D98 /* PBXContainerItemProxy */;
		};
/* End PBXTargetDependency section */

/* Begin PBXVariantGroup section */
		BB66C48F22164C7800B07D98 /* Main.storyboard */ = {
			isa = PBXVariantGroup;
			children = (
				BB66C49022164C7800B07D98 /* Base */,
			);
			name = Main.storyboard;
			sourceTree = "<group>";
		};
		BB66C49422164C7A00B07D98 /* LaunchScreen.storyboard */ = {
			isa = PBXVariantGroup;
			children = (
				BB66C49522164C7A00B07D98 /* Base */,
			);
			name = LaunchScreen.storyboard;
			sourceTree = "<group>";
		};
/* End PBXVariantGroup section */

/* Begin XCBuildConfiguration section */
		BB66C4AE22164C7A00B07D98 /* Debug */ = {
			isa = XCBuildConfiguration;
			buildSettings = {
				ALWAYS_SEARCH_USER_PATHS = NO;
				CLANG_ANALYZER_NONNULL = YES;
				CLANG_ANALYZER_NUMBER_OBJECT_CONVERSION = YES_AGGRESSIVE;
				CLANG_CXX_LANGUAGE_STANDARD = "gnu++14";
				CLANG_CXX_LIBRARY = "libc++";
				CLANG_ENABLE_MODULES = YES;
				CLANG_ENABLE_OBJC_ARC = YES;
				CLANG_ENABLE_OBJC_WEAK = YES;
				CLANG_WARN_BLOCK_CAPTURE_AUTORELEASING = YES;
				CLANG_WARN_BOOL_CONVERSION = YES;
				CLANG_WARN_COMMA = YES;
				CLANG_WARN_CONSTANT_CONVERSION = YES;
				CLANG_WARN_DEPRECATED_OBJC_IMPLEMENTATIONS = YES;
				CLANG_WARN_DIRECT_OBJC_ISA_USAGE = YES_ERROR;
				CLANG_WARN_DOCUMENTATION_COMMENTS = YES;
				CLANG_WARN_EMPTY_BODY = YES;
				CLANG_WARN_ENUM_CONVERSION = YES;
				CLANG_WARN_INFINITE_RECURSION = YES;
				CLANG_WARN_INT_CONVERSION = YES;
				CLANG_WARN_NON_LITERAL_NULL_CONVERSION = YES;
				CLANG_WARN_OBJC_IMPLICIT_RETAIN_SELF = YES;
				CLANG_WARN_OBJC_LITERAL_CONVERSION = YES;
				CLANG_WARN_OBJC_ROOT_CLASS = YES_ERROR;
				CLANG_WARN_RANGE_LOOP_ANALYSIS = YES;
				CLANG_WARN_STRICT_PROTOTYPES = YES;
				CLANG_WARN_SUSPICIOUS_MOVE = YES;
				CLANG_WARN_UNGUARDED_AVAILABILITY = YES_AGGRESSIVE;
				CLANG_WARN_UNREACHABLE_CODE = YES;
				CLANG_WARN__DUPLICATE_METHOD_MATCH = YES;
				CODE_SIGN_IDENTITY = "iPhone Developer";
				COPY_PHASE_STRIP = NO;
				DEBUG_INFORMATION_FORMAT = dwarf;
				ENABLE_STRICT_OBJC_MSGSEND = YES;
				ENABLE_TESTABILITY = YES;
				GCC_C_LANGUAGE_STANDARD = gnu11;
				GCC_DYNAMIC_NO_PIC = NO;
				GCC_NO_COMMON_BLOCKS = YES;
				GCC_OPTIMIZATION_LEVEL = 0;
				GCC_PREPROCESSOR_DEFINITIONS = (
					"DEBUG=1",
					"$(inherited)",
				);
				GCC_WARN_64_TO_32_BIT_CONVERSION = YES;
				GCC_WARN_ABOUT_RETURN_TYPE = YES_ERROR;
				GCC_WARN_UNDECLARED_SELECTOR = YES;
				GCC_WARN_UNINITIALIZED_AUTOS = YES_AGGRESSIVE;
				GCC_WARN_UNUSED_FUNCTION = YES;
				GCC_WARN_UNUSED_VARIABLE = YES;
				IPHONEOS_DEPLOYMENT_TARGET = 12.1;
				MTL_ENABLE_DEBUG_INFO = INCLUDE_SOURCE;
				MTL_FAST_MATH = YES;
				ONLY_ACTIVE_ARCH = YES;
				SDKROOT = iphoneos;
				SWIFT_ACTIVE_COMPILATION_CONDITIONS = DEBUG;
				SWIFT_OPTIMIZATION_LEVEL = "-Onone";
			};
			name = Debug;
		};
		BB66C4AF22164C7A00B07D98 /* Release */ = {
			isa = XCBuildConfiguration;
			buildSettings = {
				ALWAYS_SEARCH_USER_PATHS = NO;
				CLANG_ANALYZER_NONNULL = YES;
				CLANG_ANALYZER_NUMBER_OBJECT_CONVERSION = YES_AGGRESSIVE;
				CLANG_CXX_LANGUAGE_STANDARD = "gnu++14";
				CLANG_CXX_LIBRARY = "libc++";
				CLANG_ENABLE_MODULES = YES;
				CLANG_ENABLE_OBJC_ARC = YES;
				CLANG_ENABLE_OBJC_WEAK = YES;
				CLANG_WARN_BLOCK_CAPTURE_AUTORELEASING = YES;
				CLANG_WARN_BOOL_CONVERSION = YES;
				CLANG_WARN_COMMA = YES;
				CLANG_WARN_CONSTANT_CONVERSION = YES;
				CLANG_WARN_DEPRECATED_OBJC_IMPLEMENTATIONS = YES;
				CLANG_WARN_DIRECT_OBJC_ISA_USAGE = YES_ERROR;
				CLANG_WARN_DOCUMENTATION_COMMENTS = YES;
				CLANG_WARN_EMPTY_BODY = YES;
				CLANG_WARN_ENUM_CONVERSION = YES;
				CLANG_WARN_INFINITE_RECURSION = YES;
				CLANG_WARN_INT_CONVERSION = YES;
				CLANG_WARN_NON_LITERAL_NULL_CONVERSION = YES;
				CLANG_WARN_OBJC_IMPLICIT_RETAIN_SELF = YES;
				CLANG_WARN_OBJC_LITERAL_CONVERSION = YES;
				CLANG_WARN_OBJC_ROOT_CLASS = YES_ERROR;
				CLANG_WARN_RANGE_LOOP_ANALYSIS = YES;
				CLANG_WARN_STRICT_PROTOTYPES = YES;
				CLANG_WARN_SUSPICIOUS_MOVE = YES;
				CLANG_WARN_UNGUARDED_AVAILABILITY = YES_AGGRESSIVE;
				CLANG_WARN_UNREACHABLE_CODE = YES;
				CLANG_WARN__DUPLICATE_METHOD_MATCH = YES;
				CODE_SIGN_IDENTITY = "iPhone Developer";
				COPY_PHASE_STRIP = NO;
				DEBUG_INFORMATION_FORMAT = "dwarf-with-dsym";
				ENABLE_NS_ASSERTIONS = NO;
				ENABLE_STRICT_OBJC_MSGSEND = YES;
				GCC_C_LANGUAGE_STANDARD = gnu11;
				GCC_NO_COMMON_BLOCKS = YES;
				GCC_WARN_64_TO_32_BIT_CONVERSION = YES;
				GCC_WARN_ABOUT_RETURN_TYPE = YES_ERROR;
				GCC_WARN_UNDECLARED_SELECTOR = YES;
				GCC_WARN_UNINITIALIZED_AUTOS = YES_AGGRESSIVE;
				GCC_WARN_UNUSED_FUNCTION = YES;
				GCC_WARN_UNUSED_VARIABLE = YES;
				IPHONEOS_DEPLOYMENT_TARGET = 12.1;
				MTL_ENABLE_DEBUG_INFO = NO;
				MTL_FAST_MATH = YES;
				SDKROOT = iphoneos;
				SWIFT_COMPILATION_MODE = wholemodule;
				SWIFT_OPTIMIZATION_LEVEL = "-O";
				VALIDATE_PRODUCT = YES;
			};
			name = Release;
		};
		BB66C4B122164C7A00B07D98 /* Debug */ = {
			isa = XCBuildConfiguration;
			baseConfigurationReference = 0B15ECB5139E53E5D8530EC8 /* Pods-Mars Rovers Photos.debug.xcconfig */;
			buildSettings = {
				ASSETCATALOG_COMPILER_APPICON_NAME = AppIcon;
				CODE_SIGN_STYLE = Automatic;
				DEVELOPMENT_TEAM = 67PY6572TK;
				INFOPLIST_FILE = "Mars Rovers Photos/Info.plist";
				IPHONEOS_DEPLOYMENT_TARGET = 11.0;
				LD_RUNPATH_SEARCH_PATHS = (
					"$(inherited)",
					"@executable_path/Frameworks",
				);
				PRODUCT_BUNDLE_IDENTIFIER = "danielgrisof.Mars-Rovers-Photos";
				PRODUCT_NAME = "$(TARGET_NAME)";
				SWIFT_VERSION = 4.2;
				TARGETED_DEVICE_FAMILY = 1;
			};
			name = Debug;
		};
		BB66C4B222164C7A00B07D98 /* Release */ = {
			isa = XCBuildConfiguration;
			baseConfigurationReference = 044BD7AE7D5DE14FBEDC01DC /* Pods-Mars Rovers Photos.release.xcconfig */;
			buildSettings = {
				ASSETCATALOG_COMPILER_APPICON_NAME = AppIcon;
				CODE_SIGN_STYLE = Automatic;
				DEVELOPMENT_TEAM = 67PY6572TK;
				INFOPLIST_FILE = "Mars Rovers Photos/Info.plist";
				IPHONEOS_DEPLOYMENT_TARGET = 11.0;
				LD_RUNPATH_SEARCH_PATHS = (
					"$(inherited)",
					"@executable_path/Frameworks",
				);
				PRODUCT_BUNDLE_IDENTIFIER = "danielgrisof.Mars-Rovers-Photos";
				PRODUCT_NAME = "$(TARGET_NAME)";
				SWIFT_VERSION = 4.2;
				TARGETED_DEVICE_FAMILY = 1;
			};
			name = Release;
		};
		BB66C4B422164C7A00B07D98 /* Debug */ = {
			isa = XCBuildConfiguration;
			baseConfigurationReference = 26626D4A514B3AEB8B1D06BE /* Pods-Mars Rovers PhotosTests.debug.xcconfig */;
			buildSettings = {
				ALWAYS_EMBED_SWIFT_STANDARD_LIBRARIES = YES;
				BUNDLE_LOADER = "$(TEST_HOST)";
				CODE_SIGN_STYLE = Automatic;
				DEVELOPMENT_TEAM = 67PY6572TK;
				INFOPLIST_FILE = "Mars Rovers PhotosTests/Info.plist";
				LD_RUNPATH_SEARCH_PATHS = (
					"$(inherited)",
					"@executable_path/Frameworks",
					"@loader_path/Frameworks",
				);
				PRODUCT_BUNDLE_IDENTIFIER = "danielgrisof.Mars-Rovers-PhotosTests";
				PRODUCT_NAME = "$(TARGET_NAME)";
				SWIFT_VERSION = 4.2;
				TARGETED_DEVICE_FAMILY = "1,2";
				TEST_HOST = "$(BUILT_PRODUCTS_DIR)/Mars Rovers Photos.app/Mars Rovers Photos";
			};
			name = Debug;
		};
		BB66C4B522164C7A00B07D98 /* Release */ = {
			isa = XCBuildConfiguration;
			baseConfigurationReference = 5D12F1C08E20625AE7F4A7E9 /* Pods-Mars Rovers PhotosTests.release.xcconfig */;
			buildSettings = {
				ALWAYS_EMBED_SWIFT_STANDARD_LIBRARIES = YES;
				BUNDLE_LOADER = "$(TEST_HOST)";
				CODE_SIGN_STYLE = Automatic;
				DEVELOPMENT_TEAM = 67PY6572TK;
				INFOPLIST_FILE = "Mars Rovers PhotosTests/Info.plist";
				LD_RUNPATH_SEARCH_PATHS = (
					"$(inherited)",
					"@executable_path/Frameworks",
					"@loader_path/Frameworks",
				);
				PRODUCT_BUNDLE_IDENTIFIER = "danielgrisof.Mars-Rovers-PhotosTests";
				PRODUCT_NAME = "$(TARGET_NAME)";
				SWIFT_VERSION = 4.2;
				TARGETED_DEVICE_FAMILY = "1,2";
				TEST_HOST = "$(BUILT_PRODUCTS_DIR)/Mars Rovers Photos.app/Mars Rovers Photos";
			};
			name = Release;
		};
		BB66C4B722164C7A00B07D98 /* Debug */ = {
			isa = XCBuildConfiguration;
			baseConfigurationReference = CCDD4E7B43A2430D2E659C80 /* Pods-Mars Rovers PhotosUITests.debug.xcconfig */;
			buildSettings = {
				ALWAYS_EMBED_SWIFT_STANDARD_LIBRARIES = YES;
				CODE_SIGN_STYLE = Automatic;
				DEVELOPMENT_TEAM = 67PY6572TK;
				INFOPLIST_FILE = "Mars Rovers PhotosUITests/Info.plist";
				LD_RUNPATH_SEARCH_PATHS = (
					"$(inherited)",
					"@executable_path/Frameworks",
					"@loader_path/Frameworks",
				);
				PRODUCT_BUNDLE_IDENTIFIER = "danielgrisof.Mars-Rovers-PhotosUITests";
				PRODUCT_NAME = "$(TARGET_NAME)";
				SWIFT_VERSION = 4.2;
				TARGETED_DEVICE_FAMILY = "1,2";
				TEST_TARGET_NAME = "Mars Rovers Photos";
			};
			name = Debug;
		};
		BB66C4B822164C7A00B07D98 /* Release */ = {
			isa = XCBuildConfiguration;
			baseConfigurationReference = FBFEF0A53CF8B8CB32F3F490 /* Pods-Mars Rovers PhotosUITests.release.xcconfig */;
			buildSettings = {
				ALWAYS_EMBED_SWIFT_STANDARD_LIBRARIES = YES;
				CODE_SIGN_STYLE = Automatic;
				DEVELOPMENT_TEAM = 67PY6572TK;
				INFOPLIST_FILE = "Mars Rovers PhotosUITests/Info.plist";
				LD_RUNPATH_SEARCH_PATHS = (
					"$(inherited)",
					"@executable_path/Frameworks",
					"@loader_path/Frameworks",
				);
				PRODUCT_BUNDLE_IDENTIFIER = "danielgrisof.Mars-Rovers-PhotosUITests";
				PRODUCT_NAME = "$(TARGET_NAME)";
				SWIFT_VERSION = 4.2;
				TARGETED_DEVICE_FAMILY = "1,2";
				TEST_TARGET_NAME = "Mars Rovers Photos";
			};
			name = Release;
		};
/* End XCBuildConfiguration section */

/* Begin XCConfigurationList section */
		BB66C48322164C7800B07D98 /* Build configuration list for PBXProject "Mars Rovers Photos" */ = {
			isa = XCConfigurationList;
			buildConfigurations = (
				BB66C4AE22164C7A00B07D98 /* Debug */,
				BB66C4AF22164C7A00B07D98 /* Release */,
			);
			defaultConfigurationIsVisible = 0;
			defaultConfigurationName = Release;
		};
		BB66C4B022164C7A00B07D98 /* Build configuration list for PBXNativeTarget "Mars Rovers Photos" */ = {
			isa = XCConfigurationList;
			buildConfigurations = (
				BB66C4B122164C7A00B07D98 /* Debug */,
				BB66C4B222164C7A00B07D98 /* Release */,
			);
			defaultConfigurationIsVisible = 0;
			defaultConfigurationName = Release;
		};
		BB66C4B322164C7A00B07D98 /* Build configuration list for PBXNativeTarget "Mars Rovers PhotosTests" */ = {
			isa = XCConfigurationList;
			buildConfigurations = (
				BB66C4B422164C7A00B07D98 /* Debug */,
				BB66C4B522164C7A00B07D98 /* Release */,
			);
			defaultConfigurationIsVisible = 0;
			defaultConfigurationName = Release;
		};
		BB66C4B622164C7A00B07D98 /* Build configuration list for PBXNativeTarget "Mars Rovers PhotosUITests" */ = {
			isa = XCConfigurationList;
			buildConfigurations = (
				BB66C4B722164C7A00B07D98 /* Debug */,
				BB66C4B822164C7A00B07D98 /* Release */,
			);
			defaultConfigurationIsVisible = 0;
			defaultConfigurationName = Release;
		};
/* End XCConfigurationList section */
	};
	rootObject = BB66C48022164C7800B07D98 /* Project object */;
}
